// !$*UTF8*$!
{
	archiveVersion = 1;
	classes = {
	};
	objectVersion = 46;
	objects = {

/* Begin PBXBuildFile section */
		17E5A610146017E9004B1CA6 /* UIKit.framework in Frameworks */ = {isa = PBXBuildFile; fileRef = 17E5A60F146017E9004B1CA6 /* UIKit.framework */; };
		17E5A612146017E9004B1CA6 /* Foundation.framework in Frameworks */ = {isa = PBXBuildFile; fileRef = 17E5A611146017E9004B1CA6 /* Foundation.framework */; };
		17E5A614146017E9004B1CA6 /* CoreGraphics.framework in Frameworks */ = {isa = PBXBuildFile; fileRef = 17E5A613146017E9004B1CA6 /* CoreGraphics.framework */; };
		17E5A61A146017E9004B1CA6 /* InfoPlist.strings in Resources */ = {isa = PBXBuildFile; fileRef = 17E5A618146017E9004B1CA6 /* InfoPlist.strings */; };
		17E5A61C146017E9004B1CA6 /* main.m in Sources */ = {isa = PBXBuildFile; fileRef = 17E5A61B146017E9004B1CA6 /* main.m */; };
		17E5A620146017E9004B1CA6 /* AppDelegate.mm in Sources */ = {isa = PBXBuildFile; fileRef = 17E5A61F146017E9004B1CA6 /* AppDelegate.mm */; };
		17E5A623146017E9004B1CA6 /* ViewController.mm in Sources */ = {isa = PBXBuildFile; fileRef = 17E5A622146017E9004B1CA6 /* ViewController.mm */; };
		17E5A626146017E9004B1CA6 /* ViewController.xib in Resources */ = {isa = PBXBuildFile; fileRef = 17E5A624146017E9004B1CA6 /* ViewController.xib */; };
		17E5A66914601A1C004B1CA6 /* liblept.a in Frameworks */ = {isa = PBXBuildFile; fileRef = 17E5A65714601A1C004B1CA6 /* liblept.a */; };
		17E5A66B14601A1C004B1CA6 /* libtesseract_all.a in Frameworks */ = {isa = PBXBuildFile; fileRef = 17E5A65914601A1C004B1CA6 /* libtesseract_all.a */; };
		17E5A69014601E0F004B1CA6 /* Lorem_Ipsum_Univers.png in Resources */ = {isa = PBXBuildFile; fileRef = 17E5A68E14601E0F004B1CA6 /* Lorem_Ipsum_Univers.png */; };
		17E5A69114601E0F004B1CA6 /* tessdata in Resources */ = {isa = PBXBuildFile; fileRef = 17E5A68F14601E0F004B1CA6 /* tessdata */; };
		BE26C634183DC36000550F59 /* UIImage+OpenCV.mm in Sources */ = {isa = PBXBuildFile; fileRef = BE26C633183DC36000550F59 /* UIImage+OpenCV.mm */; };
		BE62AA531844305B003A34EE /* ClusterMatrixManager.mm in Sources */ = {isa = PBXBuildFile; fileRef = BE62AA521844305B003A34EE /* ClusterMatrixManager.mm */; };
		BE62AA561844658D003A34EE /* ClusterWrapper.mm in Sources */ = {isa = PBXBuildFile; fileRef = BE62AA551844658D003A34EE /* ClusterWrapper.mm */; };
		BE9E37ED183DB8C6004986D8 /* AVFoundation.framework in Frameworks */ = {isa = PBXBuildFile; fileRef = BE9E37EC183DB8C6004986D8 /* AVFoundation.framework */; };
		BE9E37EF183DB8D7004986D8 /* ImageIO.framework in Frameworks */ = {isa = PBXBuildFile; fileRef = BE9E37EE183DB8D7004986D8 /* ImageIO.framework */; };
		BE9E37F1183DB8E8004986D8 /* libz.dylib in Frameworks */ = {isa = PBXBuildFile; fileRef = BE9E37F0183DB8E8004986D8 /* libz.dylib */; };
		BEBF3EB116DB3A1300B82C62 /* QuartzCore.framework in Frameworks */ = {isa = PBXBuildFile; fileRef = BEBF3EB016DB3A1300B82C62 /* QuartzCore.framework */; };
		BEDE720218400E7B003CE131 /* ImageProcessor.mm in Sources */ = {isa = PBXBuildFile; fileRef = BEDE720118400E7A003CE131 /* ImageProcessor.mm */; };
		BEDE720518400FA5003CE131 /* TesseractController.mm in Sources */ = {isa = PBXBuildFile; fileRef = BEDE720418400FA5003CE131 /* TesseractController.mm */; };
		BEDE720B18401F56003CE131 /* KMeansLineClustering.m in Sources */ = {isa = PBXBuildFile; fileRef = BEDE720A18401F56003CE131 /* KMeansLineClustering.m */; };
		BEDE720E18402B9A003CE131 /* ContourWrapper.mm in Sources */ = {isa = PBXBuildFile; fileRef = BEDE720D18402B9A003CE131 /* ContourWrapper.mm */; };
		E50E66371845A604008B4757 /* receipt_text.txt in Resources */ = {isa = PBXBuildFile; fileRef = E50E66361845A604008B4757 /* receipt_text.txt */; };
		E553FE38183DC9E800ECF736 /* OpenCV.framework in Frameworks */ = {isa = PBXBuildFile; fileRef = E553FE37183DC9E800ECF736 /* OpenCV.framework */; };
		E57ADF371841B5DE000CE617 /* LineClassifier.m in Sources */ = {isa = PBXBuildFile; fileRef = E57ADF361841B5DE000CE617 /* LineClassifier.m */; };
		E5A347EB1847EC7000F7EAEE /* SelectItemsViewController.m in Sources */ = {isa = PBXBuildFile; fileRef = E5A347EA1847EC7000F7EAEE /* SelectItemsViewController.m */; };
		E5A347EE1847EC9B00F7EAEE /* ItemTableViewCell.m in Sources */ = {isa = PBXBuildFile; fileRef = E5A347ED1847EC9B00F7EAEE /* ItemTableViewCell.m */; };
		E5A347F11847ECCF00F7EAEE /* ItemPricePair.m in Sources */ = {isa = PBXBuildFile; fileRef = E5A347F01847ECCF00F7EAEE /* ItemPricePair.m */; };
		E5A347F41847ECF100F7EAEE /* AddTipUIView.m in Sources */ = {isa = PBXBuildFile; fileRef = E5A347F31847ECF100F7EAEE /* AddTipUIView.m */; };
		E5A347FA1847F90400F7EAEE /* SVMClassifier.mm in Sources */ = {isa = PBXBuildFile; fileRef = E5A347F91847F90400F7EAEE /* SVMClassifier.mm */; };
		E5A34804184A9D4300F7EAEE /* ReceiptModel.xcdatamodeld in Sources */ = {isa = PBXBuildFile; fileRef = E5A34802184A9D4300F7EAEE /* ReceiptModel.xcdatamodeld */; };
		E5A34806184A9E7800F7EAEE /* CoreData.framework in Frameworks */ = {isa = PBXBuildFile; fileRef = E5A34805184A9E7800F7EAEE /* CoreData.framework */; };
		E5A34809184AA11E00F7EAEE /* SaveReceiptViewController.m in Sources */ = {isa = PBXBuildFile; fileRef = E5A34808184AA11E00F7EAEE /* SaveReceiptViewController.m */; };
		E5B0F17B184437A7004AA7E2 /* CropImageViewController.m in Sources */ = {isa = PBXBuildFile; fileRef = E5B0F17A184437A7004AA7E2 /* CropImageViewController.m */; };
/* End PBXBuildFile section */

/* Begin PBXFileReference section */
		17E5A60B146017E9004B1CA6 /* TesseractSample.app */ = {isa = PBXFileReference; explicitFileType = wrapper.application; includeInIndex = 0; path = TesseractSample.app; sourceTree = BUILT_PRODUCTS_DIR; };
		17E5A60F146017E9004B1CA6 /* UIKit.framework */ = {isa = PBXFileReference; lastKnownFileType = wrapper.framework; name = UIKit.framework; path = System/Library/Frameworks/UIKit.framework; sourceTree = SDKROOT; };
		17E5A611146017E9004B1CA6 /* Foundation.framework */ = {isa = PBXFileReference; lastKnownFileType = wrapper.framework; name = Foundation.framework; path = System/Library/Frameworks/Foundation.framework; sourceTree = SDKROOT; };
		17E5A613146017E9004B1CA6 /* CoreGraphics.framework */ = {isa = PBXFileReference; lastKnownFileType = wrapper.framework; name = CoreGraphics.framework; path = System/Library/Frameworks/CoreGraphics.framework; sourceTree = SDKROOT; };
		17E5A617146017E9004B1CA6 /* TesseractSample-Info.plist */ = {isa = PBXFileReference; lastKnownFileType = text.plist.xml; path = "TesseractSample-Info.plist"; sourceTree = "<group>"; };
		17E5A619146017E9004B1CA6 /* en */ = {isa = PBXFileReference; lastKnownFileType = text.plist.strings; name = en; path = en.lproj/InfoPlist.strings; sourceTree = "<group>"; };
		17E5A61B146017E9004B1CA6 /* main.m */ = {isa = PBXFileReference; lastKnownFileType = sourcecode.c.objc; path = main.m; sourceTree = "<group>"; };
		17E5A61D146017E9004B1CA6 /* TesseractSample-Prefix.pch */ = {isa = PBXFileReference; lastKnownFileType = sourcecode.c.h; path = "TesseractSample-Prefix.pch"; sourceTree = "<group>"; };
		17E5A61E146017E9004B1CA6 /* AppDelegate.h */ = {isa = PBXFileReference; lastKnownFileType = sourcecode.c.h; path = AppDelegate.h; sourceTree = "<group>"; };
		17E5A61F146017E9004B1CA6 /* AppDelegate.mm */ = {isa = PBXFileReference; lastKnownFileType = sourcecode.cpp.objcpp; path = AppDelegate.mm; sourceTree = "<group>"; };
		17E5A621146017E9004B1CA6 /* ViewController.h */ = {isa = PBXFileReference; lastKnownFileType = sourcecode.c.h; path = ViewController.h; sourceTree = "<group>"; };
		17E5A622146017E9004B1CA6 /* ViewController.mm */ = {isa = PBXFileReference; lastKnownFileType = sourcecode.cpp.objcpp; path = ViewController.mm; sourceTree = "<group>"; };
		17E5A625146017E9004B1CA6 /* en */ = {isa = PBXFileReference; lastKnownFileType = file.xib; name = en; path = en.lproj/ViewController.xib; sourceTree = "<group>"; };
		17E5A63314601A1C004B1CA6 /* allheaders.h */ = {isa = PBXFileReference; fileEncoding = 4; lastKnownFileType = sourcecode.c.h; path = allheaders.h; sourceTree = "<group>"; };
		17E5A63414601A1C004B1CA6 /* alltypes.h */ = {isa = PBXFileReference; fileEncoding = 4; lastKnownFileType = sourcecode.c.h; path = alltypes.h; sourceTree = "<group>"; };
		17E5A63514601A1C004B1CA6 /* array.h */ = {isa = PBXFileReference; fileEncoding = 4; lastKnownFileType = sourcecode.c.h; path = array.h; sourceTree = "<group>"; };
		17E5A63614601A1C004B1CA6 /* arrayaccess.h */ = {isa = PBXFileReference; fileEncoding = 4; lastKnownFileType = sourcecode.c.h; path = arrayaccess.h; sourceTree = "<group>"; };
		17E5A63714601A1C004B1CA6 /* bbuffer.h */ = {isa = PBXFileReference; fileEncoding = 4; lastKnownFileType = sourcecode.c.h; path = bbuffer.h; sourceTree = "<group>"; };
		17E5A63814601A1C004B1CA6 /* bmf.h */ = {isa = PBXFileReference; fileEncoding = 4; lastKnownFileType = sourcecode.c.h; path = bmf.h; sourceTree = "<group>"; };
		17E5A63914601A1C004B1CA6 /* bmp.h */ = {isa = PBXFileReference; fileEncoding = 4; lastKnownFileType = sourcecode.c.h; path = bmp.h; sourceTree = "<group>"; };
		17E5A63A14601A1C004B1CA6 /* ccbord.h */ = {isa = PBXFileReference; fileEncoding = 4; lastKnownFileType = sourcecode.c.h; path = ccbord.h; sourceTree = "<group>"; };
		17E5A63B14601A1C004B1CA6 /* dewarp.h */ = {isa = PBXFileReference; fileEncoding = 4; lastKnownFileType = sourcecode.c.h; path = dewarp.h; sourceTree = "<group>"; };
		17E5A63C14601A1C004B1CA6 /* endianness.h */ = {isa = PBXFileReference; fileEncoding = 4; lastKnownFileType = sourcecode.c.h; path = endianness.h; sourceTree = "<group>"; };
		17E5A63D14601A1C004B1CA6 /* environ.h */ = {isa = PBXFileReference; fileEncoding = 4; lastKnownFileType = sourcecode.c.h; path = environ.h; sourceTree = "<group>"; };
		17E5A63E14601A1C004B1CA6 /* freetype.h */ = {isa = PBXFileReference; fileEncoding = 4; lastKnownFileType = sourcecode.c.h; path = freetype.h; sourceTree = "<group>"; };
		17E5A63F14601A1C004B1CA6 /* gplot.h */ = {isa = PBXFileReference; fileEncoding = 4; lastKnownFileType = sourcecode.c.h; path = gplot.h; sourceTree = "<group>"; };
		17E5A64014601A1C004B1CA6 /* heap.h */ = {isa = PBXFileReference; fileEncoding = 4; lastKnownFileType = sourcecode.c.h; path = heap.h; sourceTree = "<group>"; };
		17E5A64114601A1C004B1CA6 /* imageio.h */ = {isa = PBXFileReference; fileEncoding = 4; lastKnownFileType = sourcecode.c.h; path = imageio.h; sourceTree = "<group>"; };
		17E5A64214601A1C004B1CA6 /* jbclass.h */ = {isa = PBXFileReference; fileEncoding = 4; lastKnownFileType = sourcecode.c.h; path = jbclass.h; sourceTree = "<group>"; };
		17E5A64314601A1C004B1CA6 /* leptprotos.h */ = {isa = PBXFileReference; fileEncoding = 4; lastKnownFileType = sourcecode.c.h; path = leptprotos.h; sourceTree = "<group>"; };
		17E5A64414601A1C004B1CA6 /* leptwin.h */ = {isa = PBXFileReference; fileEncoding = 4; lastKnownFileType = sourcecode.c.h; path = leptwin.h; sourceTree = "<group>"; };
		17E5A64514601A1C004B1CA6 /* list.h */ = {isa = PBXFileReference; fileEncoding = 4; lastKnownFileType = sourcecode.c.h; path = list.h; sourceTree = "<group>"; };
		17E5A64614601A1C004B1CA6 /* morph.h */ = {isa = PBXFileReference; fileEncoding = 4; lastKnownFileType = sourcecode.c.h; path = morph.h; sourceTree = "<group>"; };
		17E5A64714601A1C004B1CA6 /* pix.h */ = {isa = PBXFileReference; fileEncoding = 4; lastKnownFileType = sourcecode.c.h; path = pix.h; sourceTree = "<group>"; };
		17E5A64814601A1C004B1CA6 /* ptra.h */ = {isa = PBXFileReference; fileEncoding = 4; lastKnownFileType = sourcecode.c.h; path = ptra.h; sourceTree = "<group>"; };
		17E5A64914601A1C004B1CA6 /* queue.h */ = {isa = PBXFileReference; fileEncoding = 4; lastKnownFileType = sourcecode.c.h; path = queue.h; sourceTree = "<group>"; };
		17E5A64A14601A1C004B1CA6 /* readbarcode.h */ = {isa = PBXFileReference; fileEncoding = 4; lastKnownFileType = sourcecode.c.h; path = readbarcode.h; sourceTree = "<group>"; };
		17E5A64B14601A1C004B1CA6 /* regutils.h */ = {isa = PBXFileReference; fileEncoding = 4; lastKnownFileType = sourcecode.c.h; path = regutils.h; sourceTree = "<group>"; };
		17E5A64C14601A1C004B1CA6 /* stack.h */ = {isa = PBXFileReference; fileEncoding = 4; lastKnownFileType = sourcecode.c.h; path = stack.h; sourceTree = "<group>"; };
		17E5A64D14601A1C004B1CA6 /* sudoku.h */ = {isa = PBXFileReference; fileEncoding = 4; lastKnownFileType = sourcecode.c.h; path = sudoku.h; sourceTree = "<group>"; };
		17E5A64E14601A1C004B1CA6 /* watershed.h */ = {isa = PBXFileReference; fileEncoding = 4; lastKnownFileType = sourcecode.c.h; path = watershed.h; sourceTree = "<group>"; };
		17E5A65714601A1C004B1CA6 /* liblept.a */ = {isa = PBXFileReference; lastKnownFileType = archive.ar; path = liblept.a; sourceTree = "<group>"; };
		17E5A65914601A1C004B1CA6 /* libtesseract_all.a */ = {isa = PBXFileReference; lastKnownFileType = archive.ar; path = libtesseract_all.a; sourceTree = "<group>"; };
		17E5A67C14601B8E004B1CA6 /* apitypes.h */ = {isa = PBXFileReference; fileEncoding = 4; lastKnownFileType = sourcecode.c.h; path = apitypes.h; sourceTree = "<group>"; };
		17E5A67D14601B8E004B1CA6 /* baseapi.h */ = {isa = PBXFileReference; fileEncoding = 4; lastKnownFileType = sourcecode.c.h; path = baseapi.h; sourceTree = "<group>"; };
		17E5A67E14601B8E004B1CA6 /* errcode.h */ = {isa = PBXFileReference; fileEncoding = 4; lastKnownFileType = sourcecode.c.h; path = errcode.h; sourceTree = "<group>"; };
		17E5A67F14601B8E004B1CA6 /* genericvector.h */ = {isa = PBXFileReference; fileEncoding = 4; lastKnownFileType = sourcecode.c.h; path = genericvector.h; sourceTree = "<group>"; };
		17E5A68014601B8E004B1CA6 /* helpers.h */ = {isa = PBXFileReference; fileEncoding = 4; lastKnownFileType = sourcecode.c.h; path = helpers.h; sourceTree = "<group>"; };
		17E5A68114601B8E004B1CA6 /* ndminx.h */ = {isa = PBXFileReference; fileEncoding = 4; lastKnownFileType = sourcecode.c.h; path = ndminx.h; sourceTree = "<group>"; };
		17E5A68214601B8E004B1CA6 /* ocrclass.h */ = {isa = PBXFileReference; fileEncoding = 4; lastKnownFileType = sourcecode.c.h; path = ocrclass.h; sourceTree = "<group>"; };
		17E5A68314601B8E004B1CA6 /* publictypes.h */ = {isa = PBXFileReference; fileEncoding = 4; lastKnownFileType = sourcecode.c.h; path = publictypes.h; sourceTree = "<group>"; };
		17E5A68414601B8E004B1CA6 /* tesscallback.h */ = {isa = PBXFileReference; fileEncoding = 4; lastKnownFileType = sourcecode.c.h; path = tesscallback.h; sourceTree = "<group>"; };
		17E5A68514601B8E004B1CA6 /* thresholder.h */ = {isa = PBXFileReference; fileEncoding = 4; lastKnownFileType = sourcecode.c.h; path = thresholder.h; sourceTree = "<group>"; };
		17E5A68614601B8E004B1CA6 /* unichar.h */ = {isa = PBXFileReference; fileEncoding = 4; lastKnownFileType = sourcecode.c.h; path = unichar.h; sourceTree = "<group>"; };
		17E5A68714601BAF004B1CA6 /* host.h */ = {isa = PBXFileReference; fileEncoding = 4; lastKnownFileType = sourcecode.c.h; path = host.h; sourceTree = "<group>"; };
		17E5A68814601BC7004B1CA6 /* platform.h */ = {isa = PBXFileReference; fileEncoding = 4; lastKnownFileType = sourcecode.c.h; path = platform.h; sourceTree = "<group>"; };
		17E5A68E14601E0F004B1CA6 /* Lorem_Ipsum_Univers.png */ = {isa = PBXFileReference; lastKnownFileType = image.png; path = Lorem_Ipsum_Univers.png; sourceTree = "<group>"; };
		17E5A68F14601E0F004B1CA6 /* tessdata */ = {isa = PBXFileReference; lastKnownFileType = folder; path = tessdata; sourceTree = "<group>"; };
		BE26C632183DC36000550F59 /* UIImage+OpenCV.h */ = {isa = PBXFileReference; fileEncoding = 4; lastKnownFileType = sourcecode.c.h; path = "UIImage+OpenCV.h"; sourceTree = "<group>"; };
		BE26C633183DC36000550F59 /* UIImage+OpenCV.mm */ = {isa = PBXFileReference; fileEncoding = 4; lastKnownFileType = sourcecode.cpp.objcpp; path = "UIImage+OpenCV.mm"; sourceTree = "<group>"; };
		BE62AA511844305B003A34EE /* ClusterMatrixManager.h */ = {isa = PBXFileReference; fileEncoding = 4; lastKnownFileType = sourcecode.c.h; path = ClusterMatrixManager.h; sourceTree = "<group>"; };
		BE62AA521844305B003A34EE /* ClusterMatrixManager.mm */ = {isa = PBXFileReference; fileEncoding = 4; lastKnownFileType = sourcecode.cpp.objcpp; path = ClusterMatrixManager.mm; sourceTree = "<group>"; };
		BE62AA541844658D003A34EE /* ClusterWrapper.h */ = {isa = PBXFileReference; fileEncoding = 4; lastKnownFileType = sourcecode.c.h; path = ClusterWrapper.h; sourceTree = "<group>"; };
		BE62AA551844658D003A34EE /* ClusterWrapper.mm */ = {isa = PBXFileReference; fileEncoding = 4; lastKnownFileType = sourcecode.cpp.objcpp; path = ClusterWrapper.mm; sourceTree = "<group>"; };
		BE9E37EC183DB8C6004986D8 /* AVFoundation.framework */ = {isa = PBXFileReference; lastKnownFileType = wrapper.framework; name = AVFoundation.framework; path = System/Library/Frameworks/AVFoundation.framework; sourceTree = SDKROOT; };
		BE9E37EE183DB8D7004986D8 /* ImageIO.framework */ = {isa = PBXFileReference; lastKnownFileType = wrapper.framework; name = ImageIO.framework; path = System/Library/Frameworks/ImageIO.framework; sourceTree = SDKROOT; };
		BE9E37F0183DB8E8004986D8 /* libz.dylib */ = {isa = PBXFileReference; lastKnownFileType = "compiled.mach-o.dylib"; name = libz.dylib; path = usr/lib/libz.dylib; sourceTree = SDKROOT; };
		BEBF3EB016DB3A1300B82C62 /* QuartzCore.framework */ = {isa = PBXFileReference; lastKnownFileType = wrapper.framework; name = QuartzCore.framework; path = System/Library/Frameworks/QuartzCore.framework; sourceTree = SDKROOT; };
		BEDE720018400E7A003CE131 /* ImageProcessor.h */ = {isa = PBXFileReference; fileEncoding = 4; lastKnownFileType = sourcecode.c.h; path = ImageProcessor.h; sourceTree = "<group>"; };
		BEDE720118400E7A003CE131 /* ImageProcessor.mm */ = {isa = PBXFileReference; fileEncoding = 4; lastKnownFileType = sourcecode.cpp.objcpp; path = ImageProcessor.mm; sourceTree = "<group>"; };
		BEDE720318400FA5003CE131 /* TesseractController.h */ = {isa = PBXFileReference; fileEncoding = 4; lastKnownFileType = sourcecode.c.h; path = TesseractController.h; sourceTree = "<group>"; };
		BEDE720418400FA5003CE131 /* TesseractController.mm */ = {isa = PBXFileReference; fileEncoding = 4; lastKnownFileType = sourcecode.cpp.objcpp; path = TesseractController.mm; sourceTree = "<group>"; };
		BEDE720918401F56003CE131 /* KMeansLineClustering.h */ = {isa = PBXFileReference; fileEncoding = 4; lastKnownFileType = sourcecode.c.h; name = KMeansLineClustering.h; path = ../KMeansLineClustering.h; sourceTree = "<group>"; };
		BEDE720A18401F56003CE131 /* KMeansLineClustering.m */ = {isa = PBXFileReference; fileEncoding = 4; lastKnownFileType = sourcecode.c.objc; name = KMeansLineClustering.m; path = ../KMeansLineClustering.m; sourceTree = "<group>"; };
		BEDE720C18402B9A003CE131 /* ContourWrapper.h */ = {isa = PBXFileReference; fileEncoding = 4; lastKnownFileType = sourcecode.c.h; path = ContourWrapper.h; sourceTree = "<group>"; };
		BEDE720D18402B9A003CE131 /* ContourWrapper.mm */ = {isa = PBXFileReference; fileEncoding = 4; lastKnownFileType = sourcecode.cpp.objcpp; path = ContourWrapper.mm; sourceTree = "<group>"; };
		E50E66361845A604008B4757 /* receipt_text.txt */ = {isa = PBXFileReference; fileEncoding = 4; lastKnownFileType = text; path = receipt_text.txt; sourceTree = "<group>"; };
		E553FE37183DC9E800ECF736 /* OpenCV.framework */ = {isa = PBXFileReference; lastKnownFileType = wrapper.framework; path = OpenCV.framework; sourceTree = "<group>"; };
		E57ADF351841B5DE000CE617 /* LineClassifier.h */ = {isa = PBXFileReference; fileEncoding = 4; lastKnownFileType = sourcecode.c.h; path = LineClassifier.h; sourceTree = "<group>"; };
		E57ADF361841B5DE000CE617 /* LineClassifier.m */ = {isa = PBXFileReference; fileEncoding = 4; lastKnownFileType = sourcecode.c.objc; path = LineClassifier.m; sourceTree = "<group>"; };
		E5A347E91847EC7000F7EAEE /* SelectItemsViewController.h */ = {isa = PBXFileReference; fileEncoding = 4; lastKnownFileType = sourcecode.c.h; name = SelectItemsViewController.h; path = ../SelectItemsViewController.h; sourceTree = "<group>"; };
		E5A347EA1847EC7000F7EAEE /* SelectItemsViewController.m */ = {isa = PBXFileReference; fileEncoding = 4; lastKnownFileType = sourcecode.c.objc; name = SelectItemsViewController.m; path = ../SelectItemsViewController.m; sourceTree = "<group>"; };
		E5A347EC1847EC9B00F7EAEE /* ItemTableViewCell.h */ = {isa = PBXFileReference; fileEncoding = 4; lastKnownFileType = sourcecode.c.h; path = ItemTableViewCell.h; sourceTree = "<group>"; };
		E5A347ED1847EC9B00F7EAEE /* ItemTableViewCell.m */ = {isa = PBXFileReference; fileEncoding = 4; lastKnownFileType = sourcecode.c.objc; path = ItemTableViewCell.m; sourceTree = "<group>"; };
		E5A347EF1847ECCF00F7EAEE /* ItemPricePair.h */ = {isa = PBXFileReference; fileEncoding = 4; lastKnownFileType = sourcecode.c.h; path = ItemPricePair.h; sourceTree = "<group>"; };
		E5A347F01847ECCF00F7EAEE /* ItemPricePair.m */ = {isa = PBXFileReference; fileEncoding = 4; lastKnownFileType = sourcecode.c.objc; path = ItemPricePair.m; sourceTree = "<group>"; };
		E5A347F21847ECF100F7EAEE /* AddTipUIView.h */ = {isa = PBXFileReference; fileEncoding = 4; lastKnownFileType = sourcecode.c.h; path = AddTipUIView.h; sourceTree = "<group>"; };
		E5A347F31847ECF100F7EAEE /* AddTipUIView.m */ = {isa = PBXFileReference; fileEncoding = 4; lastKnownFileType = sourcecode.c.objc; path = AddTipUIView.m; sourceTree = "<group>"; };
		E5A347F81847F90400F7EAEE /* SVMClassifier.h */ = {isa = PBXFileReference; fileEncoding = 4; lastKnownFileType = sourcecode.c.h; name = SVMClassifier.h; path = ../SVMClassifier.h; sourceTree = "<group>"; };
		E5A347F91847F90400F7EAEE /* SVMClassifier.mm */ = {isa = PBXFileReference; fileEncoding = 4; lastKnownFileType = sourcecode.cpp.objcpp; name = SVMClassifier.mm; path = ../SVMClassifier.mm; sourceTree = "<group>"; };
		E5A34803184A9D4300F7EAEE /* ReceiptModel.xcdatamodel */ = {isa = PBXFileReference; lastKnownFileType = wrapper.xcdatamodel; path = ReceiptModel.xcdatamodel; sourceTree = "<group>"; };
		E5A34805184A9E7800F7EAEE /* CoreData.framework */ = {isa = PBXFileReference; lastKnownFileType = wrapper.framework; name = CoreData.framework; path = System/Library/Frameworks/CoreData.framework; sourceTree = SDKROOT; };
		E5A34807184AA11E00F7EAEE /* SaveReceiptViewController.h */ = {isa = PBXFileReference; fileEncoding = 4; lastKnownFileType = sourcecode.c.h; name = SaveReceiptViewController.h; path = ../SaveReceiptViewController.h; sourceTree = "<group>"; };
		E5A34808184AA11E00F7EAEE /* SaveReceiptViewController.m */ = {isa = PBXFileReference; fileEncoding = 4; lastKnownFileType = sourcecode.c.objc; name = SaveReceiptViewController.m; path = ../SaveReceiptViewController.m; sourceTree = "<group>"; };
		E5B0F179184437A7004AA7E2 /* CropImageViewController.h */ = {isa = PBXFileReference; fileEncoding = 4; lastKnownFileType = sourcecode.c.h; path = CropImageViewController.h; sourceTree = "<group>"; };
		E5B0F17A184437A7004AA7E2 /* CropImageViewController.m */ = {isa = PBXFileReference; fileEncoding = 4; lastKnownFileType = sourcecode.c.objc; path = CropImageViewController.m; sourceTree = "<group>"; };
/* End PBXFileReference section */

/* Begin PBXFrameworksBuildPhase section */
		17E5A608146017E9004B1CA6 /* Frameworks */ = {
			isa = PBXFrameworksBuildPhase;
			buildActionMask = 2147483647;
			files = (
				E5A34806184A9E7800F7EAEE /* CoreData.framework in Frameworks */,
				BE9E37F1183DB8E8004986D8 /* libz.dylib in Frameworks */,
				BE9E37EF183DB8D7004986D8 /* ImageIO.framework in Frameworks */,
				BE9E37ED183DB8C6004986D8 /* AVFoundation.framework in Frameworks */,
				BEBF3EB116DB3A1300B82C62 /* QuartzCore.framework in Frameworks */,
				17E5A610146017E9004B1CA6 /* UIKit.framework in Frameworks */,
				17E5A612146017E9004B1CA6 /* Foundation.framework in Frameworks */,
				17E5A614146017E9004B1CA6 /* CoreGraphics.framework in Frameworks */,
				E553FE38183DC9E800ECF736 /* OpenCV.framework in Frameworks */,
				17E5A66914601A1C004B1CA6 /* liblept.a in Frameworks */,
				17E5A66B14601A1C004B1CA6 /* libtesseract_all.a in Frameworks */,
			);
			runOnlyForDeploymentPostprocessing = 0;
		};
/* End PBXFrameworksBuildPhase section */

/* Begin PBXGroup section */
		17E5A600146017E9004B1CA6 = {
			isa = PBXGroup;
			children = (
				BEBF3EB016DB3A1300B82C62 /* QuartzCore.framework */,
				17E5A615146017E9004B1CA6 /* TesseractSample */,
				17E5A60E146017E9004B1CA6 /* Frameworks */,
				17E5A60C146017E9004B1CA6 /* Products */,
			);
			sourceTree = "<group>";
		};
		17E5A60C146017E9004B1CA6 /* Products */ = {
			isa = PBXGroup;
			children = (
				17E5A60B146017E9004B1CA6 /* TesseractSample.app */,
			);
			name = Products;
			sourceTree = "<group>";
		};
		17E5A60E146017E9004B1CA6 /* Frameworks */ = {
			isa = PBXGroup;
			children = (
				E5A34805184A9E7800F7EAEE /* CoreData.framework */,
				BE9E37F0183DB8E8004986D8 /* libz.dylib */,
				BE9E37EE183DB8D7004986D8 /* ImageIO.framework */,
				BE9E37EC183DB8C6004986D8 /* AVFoundation.framework */,
				17E5A60F146017E9004B1CA6 /* UIKit.framework */,
				17E5A611146017E9004B1CA6 /* Foundation.framework */,
				17E5A613146017E9004B1CA6 /* CoreGraphics.framework */,
			);
			name = Frameworks;
			sourceTree = "<group>";
		};
		17E5A615146017E9004B1CA6 /* TesseractSample */ = {
			isa = PBXGroup;
			children = (
				E5A34807184AA11E00F7EAEE /* SaveReceiptViewController.h */,
				E5A34808184AA11E00F7EAEE /* SaveReceiptViewController.m */,
				E5A347F81847F90400F7EAEE /* SVMClassifier.h */,
				E5A347F91847F90400F7EAEE /* SVMClassifier.mm */,
				E5A347E91847EC7000F7EAEE /* SelectItemsViewController.h */,
				E5A347EA1847EC7000F7EAEE /* SelectItemsViewController.m */,
				E5A347EC1847EC9B00F7EAEE /* ItemTableViewCell.h */,
				E5A347ED1847EC9B00F7EAEE /* ItemTableViewCell.m */,
				E5A347EF1847ECCF00F7EAEE /* ItemPricePair.h */,
				E5A347F21847ECF100F7EAEE /* AddTipUIView.h */,
				E5A347F31847ECF100F7EAEE /* AddTipUIView.m */,
				E5A347F01847ECCF00F7EAEE /* ItemPricePair.m */,
				BEDE720918401F56003CE131 /* KMeansLineClustering.h */,
				BEDE720A18401F56003CE131 /* KMeansLineClustering.m */,
				17E5A61E146017E9004B1CA6 /* AppDelegate.h */,
				17E5A61F146017E9004B1CA6 /* AppDelegate.mm */,
				BEDE720018400E7A003CE131 /* ImageProcessor.h */,
				BEDE720118400E7A003CE131 /* ImageProcessor.mm */,
				BE62AA511844305B003A34EE /* ClusterMatrixManager.h */,
				E50E66361845A604008B4757 /* receipt_text.txt */,
				BE62AA521844305B003A34EE /* ClusterMatrixManager.mm */,
				BE62AA541844658D003A34EE /* ClusterWrapper.h */,
				BE62AA551844658D003A34EE /* ClusterWrapper.mm */,
				BEDE720C18402B9A003CE131 /* ContourWrapper.h */,
				BEDE720D18402B9A003CE131 /* ContourWrapper.mm */,
				BEDE720318400FA5003CE131 /* TesseractController.h */,
				BEDE720418400FA5003CE131 /* TesseractController.mm */,
				17E5A621146017E9004B1CA6 /* ViewController.h */,
				17E5A622146017E9004B1CA6 /* ViewController.mm */,
				BE26C632183DC36000550F59 /* UIImage+OpenCV.h */,
				BE26C633183DC36000550F59 /* UIImage+OpenCV.mm */,
				17E5A624146017E9004B1CA6 /* ViewController.xib */,
				E57ADF351841B5DE000CE617 /* LineClassifier.h */,
				E57ADF361841B5DE000CE617 /* LineClassifier.m */,
				E5B0F179184437A7004AA7E2 /* CropImageViewController.h */,
				E5B0F17A184437A7004AA7E2 /* CropImageViewController.m */,
				E553FE37183DC9E800ECF736 /* OpenCV.framework */,
				17E5A63014601A1C004B1CA6 /* dependencies */,
				17E5A68F14601E0F004B1CA6 /* tessdata */,
				17E5A68E14601E0F004B1CA6 /* Lorem_Ipsum_Univers.png */,
				17E5A616146017E9004B1CA6 /* Supporting Files */,
				E5A34802184A9D4300F7EAEE /* ReceiptModel.xcdatamodeld */,
			);
			path = TesseractSample;
			sourceTree = "<group>";
		};
		17E5A616146017E9004B1CA6 /* Supporting Files */ = {
			isa = PBXGroup;
			children = (
				17E5A617146017E9004B1CA6 /* TesseractSample-Info.plist */,
				17E5A618146017E9004B1CA6 /* InfoPlist.strings */,
				17E5A61B146017E9004B1CA6 /* main.m */,
				17E5A61D146017E9004B1CA6 /* TesseractSample-Prefix.pch */,
			);
			name = "Supporting Files";
			sourceTree = "<group>";
		};
		17E5A63014601A1C004B1CA6 /* dependencies */ = {
			isa = PBXGroup;
			children = (
				17E5A63114601A1C004B1CA6 /* include */,
				17E5A65614601A1C004B1CA6 /* lib */,
			);
			name = dependencies;
			path = build_dependencies/dependencies;
			sourceTree = "<group>";
		};
		17E5A63114601A1C004B1CA6 /* include */ = {
			isa = PBXGroup;
			children = (
				17E5A63214601A1C004B1CA6 /* leptonica */,
				17E5A64F14601A1C004B1CA6 /* tesseract */,
			);
			path = include;
			sourceTree = "<group>";
		};
		17E5A63214601A1C004B1CA6 /* leptonica */ = {
			isa = PBXGroup;
			children = (
				17E5A63314601A1C004B1CA6 /* allheaders.h */,
				17E5A63414601A1C004B1CA6 /* alltypes.h */,
				17E5A63514601A1C004B1CA6 /* array.h */,
				17E5A63614601A1C004B1CA6 /* arrayaccess.h */,
				17E5A63714601A1C004B1CA6 /* bbuffer.h */,
				17E5A63814601A1C004B1CA6 /* bmf.h */,
				17E5A63914601A1C004B1CA6 /* bmp.h */,
				17E5A63A14601A1C004B1CA6 /* ccbord.h */,
				17E5A63B14601A1C004B1CA6 /* dewarp.h */,
				17E5A63C14601A1C004B1CA6 /* endianness.h */,
				17E5A63D14601A1C004B1CA6 /* environ.h */,
				17E5A63E14601A1C004B1CA6 /* freetype.h */,
				17E5A63F14601A1C004B1CA6 /* gplot.h */,
				17E5A64014601A1C004B1CA6 /* heap.h */,
				17E5A64114601A1C004B1CA6 /* imageio.h */,
				17E5A64214601A1C004B1CA6 /* jbclass.h */,
				17E5A64314601A1C004B1CA6 /* leptprotos.h */,
				17E5A64414601A1C004B1CA6 /* leptwin.h */,
				17E5A64514601A1C004B1CA6 /* list.h */,
				17E5A64614601A1C004B1CA6 /* morph.h */,
				17E5A64714601A1C004B1CA6 /* pix.h */,
				17E5A64814601A1C004B1CA6 /* ptra.h */,
				17E5A64914601A1C004B1CA6 /* queue.h */,
				17E5A64A14601A1C004B1CA6 /* readbarcode.h */,
				17E5A64B14601A1C004B1CA6 /* regutils.h */,
				17E5A64C14601A1C004B1CA6 /* stack.h */,
				17E5A64D14601A1C004B1CA6 /* sudoku.h */,
				17E5A64E14601A1C004B1CA6 /* watershed.h */,
			);
			path = leptonica;
			sourceTree = "<group>";
		};
		17E5A64F14601A1C004B1CA6 /* tesseract */ = {
			isa = PBXGroup;
			children = (
				17E5A67C14601B8E004B1CA6 /* apitypes.h */,
				17E5A67D14601B8E004B1CA6 /* baseapi.h */,
				17E5A67E14601B8E004B1CA6 /* errcode.h */,
				17E5A67F14601B8E004B1CA6 /* genericvector.h */,
				17E5A68014601B8E004B1CA6 /* helpers.h */,
				17E5A68714601BAF004B1CA6 /* host.h */,
				17E5A68114601B8E004B1CA6 /* ndminx.h */,
				17E5A68214601B8E004B1CA6 /* ocrclass.h */,
				17E5A68814601BC7004B1CA6 /* platform.h */,
				17E5A68314601B8E004B1CA6 /* publictypes.h */,
				17E5A68414601B8E004B1CA6 /* tesscallback.h */,
				17E5A68514601B8E004B1CA6 /* thresholder.h */,
				17E5A68614601B8E004B1CA6 /* unichar.h */,
			);
			path = tesseract;
			sourceTree = "<group>";
		};
		17E5A65614601A1C004B1CA6 /* lib */ = {
			isa = PBXGroup;
			children = (
				17E5A65714601A1C004B1CA6 /* liblept.a */,
				17E5A65914601A1C004B1CA6 /* libtesseract_all.a */,
			);
			path = lib;
			sourceTree = "<group>";
		};
/* End PBXGroup section */

/* Begin PBXNativeTarget section */
		17E5A60A146017E9004B1CA6 /* TesseractSample */ = {
			isa = PBXNativeTarget;
			buildConfigurationList = 17E5A629146017EA004B1CA6 /* Build configuration list for PBXNativeTarget "TesseractSample" */;
			buildPhases = (
				17E5A607146017E9004B1CA6 /* Sources */,
				17E5A608146017E9004B1CA6 /* Frameworks */,
				17E5A609146017E9004B1CA6 /* Resources */,
			);
			buildRules = (
			);
			dependencies = (
			);
			name = TesseractSample;
			productName = TesseractSample;
			productReference = 17E5A60B146017E9004B1CA6 /* TesseractSample.app */;
			productType = "com.apple.product-type.application";
		};
/* End PBXNativeTarget section */

/* Begin PBXProject section */
		17E5A602146017E9004B1CA6 /* Project object */ = {
			isa = PBXProject;
			attributes = {
				LastUpgradeCheck = 0500;
			};
			buildConfigurationList = 17E5A605146017E9004B1CA6 /* Build configuration list for PBXProject "TesseractSample" */;
			compatibilityVersion = "Xcode 3.2";
			developmentRegion = English;
			hasScannedForEncodings = 0;
			knownRegions = (
				en,
			);
			mainGroup = 17E5A600146017E9004B1CA6;
			productRefGroup = 17E5A60C146017E9004B1CA6 /* Products */;
			projectDirPath = "";
			projectRoot = "";
			targets = (
				17E5A60A146017E9004B1CA6 /* TesseractSample */,
			);
		};
/* End PBXProject section */

/* Begin PBXResourcesBuildPhase section */
		17E5A609146017E9004B1CA6 /* Resources */ = {
			isa = PBXResourcesBuildPhase;
			buildActionMask = 2147483647;
			files = (
				17E5A61A146017E9004B1CA6 /* InfoPlist.strings in Resources */,
				17E5A626146017E9004B1CA6 /* ViewController.xib in Resources */,
				17E5A69014601E0F004B1CA6 /* Lorem_Ipsum_Univers.png in Resources */,
				E50E66371845A604008B4757 /* receipt_text.txt in Resources */,
				17E5A69114601E0F004B1CA6 /* tessdata in Resources */,
			);
			runOnlyForDeploymentPostprocessing = 0;
		};
/* End PBXResourcesBuildPhase section */

/* Begin PBXSourcesBuildPhase section */
		17E5A607146017E9004B1CA6 /* Sources */ = {
			isa = PBXSourcesBuildPhase;
			buildActionMask = 2147483647;
			files = (
				E57ADF371841B5DE000CE617 /* LineClassifier.m in Sources */,
				E5A34809184AA11E00F7EAEE /* SaveReceiptViewController.m in Sources */,
				BEDE720218400E7B003CE131 /* ImageProcessor.mm in Sources */,
				BEDE720518400FA5003CE131 /* TesseractController.mm in Sources */,
				E5A347F11847ECCF00F7EAEE /* ItemPricePair.m in Sources */,
				BE62AA561844658D003A34EE /* ClusterWrapper.mm in Sources */,
				E5A347EB1847EC7000F7EAEE /* SelectItemsViewController.m in Sources */,
				BE62AA531844305B003A34EE /* ClusterMatrixManager.mm in Sources */,
				17E5A61C146017E9004B1CA6 /* main.m in Sources */,
				E5A347F41847ECF100F7EAEE /* AddTipUIView.m in Sources */,
				E5B0F17B184437A7004AA7E2 /* CropImageViewController.m in Sources */,
				17E5A620146017E9004B1CA6 /* AppDelegate.mm in Sources */,
				17E5A623146017E9004B1CA6 /* ViewController.mm in Sources */,
				BE26C634183DC36000550F59 /* UIImage+OpenCV.mm in Sources */,
				BEDE720E18402B9A003CE131 /* ContourWrapper.mm in Sources */,
				E5A347FA1847F90400F7EAEE /* SVMClassifier.mm in Sources */,
				E5A347EE1847EC9B00F7EAEE /* ItemTableViewCell.m in Sources */,
				E5A34804184A9D4300F7EAEE /* ReceiptModel.xcdatamodeld in Sources */,
				BEDE720B18401F56003CE131 /* KMeansLineClustering.m in Sources */,
			);
			runOnlyForDeploymentPostprocessing = 0;
		};
/* End PBXSourcesBuildPhase section */

/* Begin PBXVariantGroup section */
		17E5A618146017E9004B1CA6 /* InfoPlist.strings */ = {
			isa = PBXVariantGroup;
			children = (
				17E5A619146017E9004B1CA6 /* en */,
			);
			name = InfoPlist.strings;
			sourceTree = "<group>";
		};
		17E5A624146017E9004B1CA6 /* ViewController.xib */ = {
			isa = PBXVariantGroup;
			children = (
				17E5A625146017E9004B1CA6 /* en */,
			);
			name = ViewController.xib;
			sourceTree = "<group>";
		};
/* End PBXVariantGroup section */

/* Begin XCBuildConfiguration section */
		17E5A627146017E9004B1CA6 /* Debug */ = {
			isa = XCBuildConfiguration;
			buildSettings = {
				ALWAYS_SEARCH_USER_PATHS = NO;
				CLANG_ENABLE_OBJC_ARC = YES;
				CLANG_WARN_BOOL_CONVERSION = YES;
				CLANG_WARN_CONSTANT_CONVERSION = YES;
				CLANG_WARN_EMPTY_BODY = YES;
				CLANG_WARN_ENUM_CONVERSION = YES;
				CLANG_WARN_INT_CONVERSION = YES;
				CLANG_WARN__DUPLICATE_METHOD_MATCH = YES;
				CODE_SIGN_IDENTITY = "iPhone Developer";
				"CODE_SIGN_IDENTITY[sdk=iphoneos*]" = "iPhone Developer";
				COPY_PHASE_STRIP = NO;
				GCC_C_LANGUAGE_STANDARD = gnu99;
				GCC_DYNAMIC_NO_PIC = NO;
				GCC_OPTIMIZATION_LEVEL = 0;
				GCC_PREPROCESSOR_DEFINITIONS = (
					"DEBUG=1",
					"$(inherited)",
				);
				GCC_SYMBOLS_PRIVATE_EXTERN = NO;
				GCC_VERSION = com.apple.compilers.llvm.clang.1_0;
				GCC_WARN_64_TO_32_BIT_CONVERSION = YES;
				GCC_WARN_ABOUT_MISSING_PROTOTYPES = YES;
				GCC_WARN_ABOUT_RETURN_TYPE = YES;
				GCC_WARN_UNDECLARED_SELECTOR = YES;
				GCC_WARN_UNINITIALIZED_AUTOS = YES;
				GCC_WARN_UNUSED_FUNCTION = YES;
				GCC_WARN_UNUSED_VARIABLE = YES;
				IPHONEOS_DEPLOYMENT_TARGET = 5.0;
				ONLY_ACTIVE_ARCH = NO;
				PROVISIONING_PROFILE = "";
				SDKROOT = iphoneos;
				VALID_ARCHS = "armv7 armv7s";
			};
			name = Debug;
		};
		17E5A628146017E9004B1CA6 /* Release */ = {
			isa = XCBuildConfiguration;
			buildSettings = {
				ALWAYS_SEARCH_USER_PATHS = NO;
				CLANG_ENABLE_OBJC_ARC = YES;
				CLANG_WARN_BOOL_CONVERSION = YES;
				CLANG_WARN_CONSTANT_CONVERSION = YES;
				CLANG_WARN_EMPTY_BODY = YES;
				CLANG_WARN_ENUM_CONVERSION = YES;
				CLANG_WARN_INT_CONVERSION = YES;
				CLANG_WARN__DUPLICATE_METHOD_MATCH = YES;
				CODE_SIGN_IDENTITY = "iPhone Developer";
				"CODE_SIGN_IDENTITY[sdk=iphoneos*]" = "iPhone Developer";
				COPY_PHASE_STRIP = YES;
				GCC_C_LANGUAGE_STANDARD = gnu99;
				GCC_VERSION = com.apple.compilers.llvm.clang.1_0;
				GCC_WARN_64_TO_32_BIT_CONVERSION = YES;
				GCC_WARN_ABOUT_MISSING_PROTOTYPES = YES;
				GCC_WARN_ABOUT_RETURN_TYPE = YES;
				GCC_WARN_UNDECLARED_SELECTOR = YES;
				GCC_WARN_UNINITIALIZED_AUTOS = YES;
				GCC_WARN_UNUSED_FUNCTION = YES;
				GCC_WARN_UNUSED_VARIABLE = YES;
				IPHONEOS_DEPLOYMENT_TARGET = 5.0;
				ONLY_ACTIVE_ARCH = NO;
				OTHER_CFLAGS = "-DNS_BLOCK_ASSERTIONS=1";
				PROVISIONING_PROFILE = "";
				SDKROOT = iphoneos;
				VALIDATE_PRODUCT = YES;
				VALID_ARCHS = "armv7 armv7s";
			};
			name = Release;
		};
		17E5A62A146017EA004B1CA6 /* Debug */ = {
			isa = XCBuildConfiguration;
			buildSettings = {
				CLANG_ENABLE_OBJC_ARC = YES;
				FRAMEWORK_SEARCH_PATHS = (
					"$(inherited)",
					"/Users/Will/Dropbox/Diego\\ n\\ Will/TesseractSample/TesseractSample",
					/Users/Will/Desktop/221proj/Disguise/TesseractSample/TesseractSample,
					/Users/diegocanales/Documents/ReceiptProject/Disguise/TesseractSample/TesseractSample,
					/Users/diegocanales/Documents/GitProblems/Disguise/TesseractSample,
				);
				GCC_PRECOMPILE_PREFIX_HEADER = YES;
				GCC_PREFIX_HEADER = "TesseractSample/TesseractSample-Prefix.pch";
				INFOPLIST_FILE = "TesseractSample/TesseractSample-Info.plist";
				IPHONEOS_DEPLOYMENT_TARGET = 5.0;
				LIBRARY_SEARCH_PATHS = (
					"$(inherited)",
					"\"$(SRCROOT)/TesseractSample/build_dependencies/dependencies/lib\"",
				);
				ONLY_ACTIVE_ARCH = NO;
				PRODUCT_NAME = "$(TARGET_NAME)";
				PROVISIONING_PROFILE = "8A618450-B902-454A-BB8C-AD1B7A1774AC";
				TARGETED_DEVICE_FAMILY = 1;
				VALID_ARCHS = armv7;
				WRAPPER_EXTENSION = app;
			};
			name = Debug;
		};
		17E5A62B146017EA004B1CA6 /* Release */ = {
			isa = XCBuildConfiguration;
			buildSettings = {
				CLANG_ENABLE_OBJC_ARC = YES;
				FRAMEWORK_SEARCH_PATHS = (
					"$(inherited)",
					"/Users/Will/Dropbox/Diego\\ n\\ Will/TesseractSample/TesseractSample",
					/Users/Will/Desktop/221proj/Disguise/TesseractSample/TesseractSample,
					/Users/diegocanales/Documents/ReceiptProject/Disguise/TesseractSample/TesseractSample,
					/Users/diegocanales/Documents/GitProblems/Disguise/TesseractSample,
				);
				GCC_PRECOMPILE_PREFIX_HEADER = YES;
				GCC_PREFIX_HEADER = "TesseractSample/TesseractSample-Prefix.pch";
				INFOPLIST_FILE = "TesseractSample/TesseractSample-Info.plist";
				IPHONEOS_DEPLOYMENT_TARGET = 5.0;
				LIBRARY_SEARCH_PATHS = (
					"$(inherited)",
					"\"$(SRCROOT)/TesseractSample/build_dependencies/dependencies/lib\"",
				);
				ONLY_ACTIVE_ARCH = NO;
				PRODUCT_NAME = "$(TARGET_NAME)";
				PROVISIONING_PROFILE = "8A618450-B902-454A-BB8C-AD1B7A1774AC";
				TARGETED_DEVICE_FAMILY = 1;
				VALID_ARCHS = armv7;
				WRAPPER_EXTENSION = app;
			};
			name = Release;
		};
/* End XCBuildConfiguration section */

/* Begin XCConfigurationList section */
		17E5A605146017E9004B1CA6 /* Build configuration list for PBXProject "TesseractSample" */ = {
			isa = XCConfigurationList;
			buildConfigurations = (
				17E5A627146017E9004B1CA6 /* Debug */,
				17E5A628146017E9004B1CA6 /* Release */,
			);
			defaultConfigurationIsVisible = 0;
			defaultConfigurationName = Release;
		};
		17E5A629146017EA004B1CA6 /* Build configuration list for PBXNativeTarget "TesseractSample" */ = {
			isa = XCConfigurationList;
			buildConfigurations = (
				17E5A62A146017EA004B1CA6 /* Debug */,
				17E5A62B146017EA004B1CA6 /* Release */,
			);
			defaultConfigurationIsVisible = 0;
			defaultConfigurationName = Release;
		};
/* End XCConfigurationList section */

/* Begin XCVersionGroup section */
		E5A34802184A9D4300F7EAEE /* ReceiptModel.xcdatamodeld */ = {
			isa = XCVersionGroup;
			children = (
				E5A34803184A9D4300F7EAEE /* ReceiptModel.xcdatamodel */,
			);
			currentVersion = E5A34803184A9D4300F7EAEE /* ReceiptModel.xcdatamodel */;
			path = ReceiptModel.xcdatamodeld;
			sourceTree = "<group>";
			versionGroupType = wrapper.xcdatamodel;
		};
/* End XCVersionGroup section */
	};
	rootObject = 17E5A602146017E9004B1CA6 /* Project object */;
}
